
Microsoft Visual Studio Solution File, Format Version 12.00
# Visual Studio Version 17
VisualStudioVersion = 17.10.34928.147
MinimumVisualStudioVersion = 10.0.40219.1
Project("{9A19103F-16F7-4668-BE54-9A1E7A4F7556}") = "PracticeCodeJune", "PracticeCodeJune\PracticeCodeJune.csproj", "{5276F0D4-4A7B-4B89-873E-E1D0FD36E3E5}"
EndProject
Project("{9A19103F-16F7-4668-BE54-9A1E7A4F7556}") = "Q1", "Q1\Q1.csproj", "{A4B0BE58-C176-4476-8965-912B9F2C3E9D}"
EndProject
Project("{9A19103F-16F7-4668-BE54-9A1E7A4F7556}") = "q1New", "Q2\q1New.csproj", "{4A6D1B59-A695-4732-9599-91FDCE24A31E}"
EndProject
Project("{9A19103F-16F7-4668-BE54-9A1E7A4F7556}") = "q2 new", "q2 new\q2 new.csproj", "{1B73A116-3084-430B-B729-D6D586E5CF14}"
EndProject
Project("{9A19103F-16F7-4668-BE54-9A1E7A4F7556}") = "q3 new", "q3 new\q3 new.csproj", "{B05154B8-FB54-4B92-B994-9FACDD4C00CD}"
EndProject
Project("{9A19103F-16F7-4668-BE54-9A1E7A4F7556}") = "q4", "q4\q4.csproj", "{3261EC74-F0A4-4611-9BD4-ED469BCEB43A}"
EndProject
Project("{FAE04EC0-301F-11D3-BF4B-00C04F79EFBC}") = "Q6", "Q6\Q6.csproj", "{35F841A7-E883-43EF-A39F-58ABD386C0CE}"
EndProject
Global
	GlobalSection(SolutionConfigurationPlatforms) = preSolution
		Debug|Any CPU = Debug|Any CPU
		Release|Any CPU = Release|Any CPU
	EndGlobalSection
	GlobalSection(ProjectConfigurationPlatforms) = postSolution
		{5276F0D4-4A7B-4B89-873E-E1D0FD36E3E5}.Debug|Any CPU.ActiveCfg = Debug|Any CPU
		{5276F0D4-4A7B-4B89-873E-E1D0FD36E3E5}.Debug|Any CPU.Build.0 = Debug|Any CPU
		{5276F0D4-4A7B-4B89-873E-E1D0FD36E3E5}.Release|Any CPU.ActiveCfg = Release|Any CPU
		{5276F0D4-4A7B-4B89-873E-E1D0FD36E3E5}.Release|Any CPU.Build.0 = Release|Any CPU
		{A4B0BE58-C176-4476-8965-912B9F2C3E9D}.Debug|Any CPU.ActiveCfg = Debug|Any CPU
		{A4B0BE58-C176-4476-8965-912B9F2C3E9D}.Debug|Any CPU.Build.0 = Debug|Any CPU
		{A4B0BE58-C176-4476-8965-912B9F2C3E9D}.Release|Any CPU.ActiveCfg = Release|Any CPU
		{A4B0BE58-C176-4476-8965-912B9F2C3E9D}.Release|Any CPU.Build.0 = Release|Any CPU
		{4A6D1B59-A695-4732-9599-91FDCE24A31E}.Debug|Any CPU.ActiveCfg = Debug|Any CPU
		{4A6D1B59-A695-4732-9599-91FDCE24A31E}.Debug|Any CPU.Build.0 = Debug|Any CPU
		{4A6D1B59-A695-4732-9599-91FDCE24A31E}.Release|Any CPU.ActiveCfg = Release|Any CPU
		{4A6D1B59-A695-4732-9599-91FDCE24A31E}.Release|Any CPU.Build.0 = Release|Any CPU
		{1B73A116-3084-430B-B729-D6D586E5CF14}.Debug|Any CPU.ActiveCfg = Debug|Any CPU
		{1B73A116-3084-430B-B729-D6D586E5CF14}.Debug|Any CPU.Build.0 = Debug|Any CPU
		{1B73A116-3084-430B-B729-D6D586E5CF14}.Release|Any CPU.ActiveCfg = Release|Any CPU
		{1B73A116-3084-430B-B729-D6D586E5CF14}.Release|Any CPU.Build.0 = Release|Any CPU
		{B05154B8-FB54-4B92-B994-9FACDD4C00CD}.Debug|Any CPU.ActiveCfg = Debug|Any CPU
		{B05154B8-FB54-4B92-B994-9FACDD4C00CD}.Debug|Any CPU.Build.0 = Debug|Any CPU
		{B05154B8-FB54-4B92-B994-9FACDD4C00CD}.Release|Any CPU.ActiveCfg = Release|Any CPU
		{B05154B8-FB54-4B92-B994-9FACDD4C00CD}.Release|Any CPU.Build.0 = Release|Any CPU
		{3261EC74-F0A4-4611-9BD4-ED469BCEB43A}.Debug|Any CPU.ActiveCfg = Debug|Any CPU
		{3261EC74-F0A4-4611-9BD4-ED469BCEB43A}.Debug|Any CPU.Build.0 = Debug|Any CPU
		{3261EC74-F0A4-4611-9BD4-ED469BCEB43A}.Release|Any CPU.ActiveCfg = Release|Any CPU
		{3261EC74-F0A4-4611-9BD4-ED469BCEB43A}.Release|Any CPU.Build.0 = Release|Any CPU
		{35F841A7-E883-43EF-A39F-58ABD386C0CE}.Debug|Any CPU.ActiveCfg = Debug|Any CPU
		{35F841A7-E883-43EF-A39F-58ABD386C0CE}.Debug|Any CPU.Build.0 = Debug|Any CPU
		{35F841A7-E883-43EF-A39F-58ABD386C0CE}.Release|Any CPU.ActiveCfg = Release|Any CPU
		{35F841A7-E883-43EF-A39F-58ABD386C0CE}.Release|Any CPU.Build.0 = Release|Any CPU
	EndGlobalSection
	GlobalSection(SolutionProperties) = preSolution
		HideSolutionNode = FALSE
	EndGlobalSection
	GlobalSection(ExtensibilityGlobals) = postSolution
		SolutionGuid = {5684148D-B871-4074-9736-1043FFEB1461}
	EndGlobalSection
EndGlobal
